
Microsoft Visual Studio Solution File, Format Version 12.00
# Visual Studio Version 17
VisualStudioVersion = 17.8.34525.116
MinimumVisualStudioVersion = 10.0.40219.1
Project("{FAE04EC0-301F-11D3-BF4B-00C04F79EFBC}") = "Projeto3", "Projeto3.csproj", "{DB46B1AC-75DE-4E9F-86A6-9C2C683E2FB0}"
EndProject
Global
	GlobalSection(SolutionConfigurationPlatforms) = preSolution
		Debug|Any CPU = Debug|Any CPU
		Release|Any CPU = Release|Any CPU
	EndGlobalSection
	GlobalSection(ProjectConfigurationPlatforms) = postSolution
		{DB46B1AC-75DE-4E9F-86A6-9C2C683E2FB0}.Debug|Any CPU.ActiveCfg = Debug|Any CPU
		{DB46B1AC-75DE-4E9F-86A6-9C2C683E2FB0}.Debug|Any CPU.Build.0 = Debug|Any CPU
		{DB46B1AC-75DE-4E9F-86A6-9C2C683E2FB0}.Release|Any CPU.ActiveCfg = Release|Any CPU
		{DB46B1AC-75DE-4E9F-86A6-9C2C683E2FB0}.Release|Any CPU.Build.0 = Release|Any CPU
	EndGlobalSection
	GlobalSection(SolutionProperties) = preSolution
		HideSolutionNode = FALSE
	EndGlobalSection
	GlobalSection(ExtensibilityGlobals) = postSolution
		SolutionGuid = {A7879D09-CE4B-4F85-ACC9-E0D408DFC74D}
	EndGlobalSection
EndGlobal
